
Microsoft Visual Studio Solution File, Format Version 12.00
# Visual Studio Version 17
VisualStudioVersion = 17.5.33530.505
MinimumVisualStudioVersion = 10.0.40219.1
Project("{9A19103F-16F7-4668-BE54-9A1E7A4F7556}") = "Estore.MVCUI", "Estore.MVCUI\Estore.MVCUI.csproj", "{623939B5-9EC3-4412-A216-F1169D6AC208}"
EndProject
Project("{9A19103F-16F7-4668-BE54-9A1E7A4F7556}") = "Estore.Core", "Estore.Core\Estore.Core.csproj", "{40658B12-519A-4699-B80F-1E499CF19137}"
EndProject
Project("{9A19103F-16F7-4668-BE54-9A1E7A4F7556}") = "Estore.Data", "Estore.Data\Estore.Data.csproj", "{2AF9CC50-B7F2-442F-9FDE-335951DC283C}"
EndProject
Project("{9A19103F-16F7-4668-BE54-9A1E7A4F7556}") = "Estore.Service", "Estore.Service\Estore.Service.csproj", "{9CCE8C3E-8315-4302-894C-C10235DB805D}"
EndProject
Project("{9A19103F-16F7-4668-BE54-9A1E7A4F7556}") = "Estore.WebAPI", "Estore.WebAPI\Estore.WebAPI.csproj", "{B8DBC000-F64D-4AB7-9DF6-CF4348E495F2}"
EndProject
Project("{FAE04EC0-301F-11D3-BF4B-00C04F79EFBC}") = "Estore.WebAPIUsing", "Estore.WebAPIUsing\Estore.WebAPIUsing.csproj", "{2B044566-2A0A-446A-8C0E-ECFBB558531E}"
EndProject
Global
	GlobalSection(SolutionConfigurationPlatforms) = preSolution
		Debug|Any CPU = Debug|Any CPU
		Release|Any CPU = Release|Any CPU
	EndGlobalSection
	GlobalSection(ProjectConfigurationPlatforms) = postSolution
		{623939B5-9EC3-4412-A216-F1169D6AC208}.Debug|Any CPU.ActiveCfg = Debug|Any CPU
		{623939B5-9EC3-4412-A216-F1169D6AC208}.Debug|Any CPU.Build.0 = Debug|Any CPU
		{623939B5-9EC3-4412-A216-F1169D6AC208}.Release|Any CPU.ActiveCfg = Release|Any CPU
		{623939B5-9EC3-4412-A216-F1169D6AC208}.Release|Any CPU.Build.0 = Release|Any CPU
		{40658B12-519A-4699-B80F-1E499CF19137}.Debug|Any CPU.ActiveCfg = Debug|Any CPU
		{40658B12-519A-4699-B80F-1E499CF19137}.Debug|Any CPU.Build.0 = Debug|Any CPU
		{40658B12-519A-4699-B80F-1E499CF19137}.Release|Any CPU.ActiveCfg = Release|Any CPU
		{40658B12-519A-4699-B80F-1E499CF19137}.Release|Any CPU.Build.0 = Release|Any CPU
		{2AF9CC50-B7F2-442F-9FDE-335951DC283C}.Debug|Any CPU.ActiveCfg = Debug|Any CPU
		{2AF9CC50-B7F2-442F-9FDE-335951DC283C}.Debug|Any CPU.Build.0 = Debug|Any CPU
		{2AF9CC50-B7F2-442F-9FDE-335951DC283C}.Release|Any CPU.ActiveCfg = Release|Any CPU
		{2AF9CC50-B7F2-442F-9FDE-335951DC283C}.Release|Any CPU.Build.0 = Release|Any CPU
		{9CCE8C3E-8315-4302-894C-C10235DB805D}.Debug|Any CPU.ActiveCfg = Debug|Any CPU
		{9CCE8C3E-8315-4302-894C-C10235DB805D}.Debug|Any CPU.Build.0 = Debug|Any CPU
		{9CCE8C3E-8315-4302-894C-C10235DB805D}.Release|Any CPU.ActiveCfg = Release|Any CPU
		{9CCE8C3E-8315-4302-894C-C10235DB805D}.Release|Any CPU.Build.0 = Release|Any CPU
		{B8DBC000-F64D-4AB7-9DF6-CF4348E495F2}.Debug|Any CPU.ActiveCfg = Debug|Any CPU
		{B8DBC000-F64D-4AB7-9DF6-CF4348E495F2}.Debug|Any CPU.Build.0 = Debug|Any CPU
		{B8DBC000-F64D-4AB7-9DF6-CF4348E495F2}.Release|Any CPU.ActiveCfg = Release|Any CPU
		{B8DBC000-F64D-4AB7-9DF6-CF4348E495F2}.Release|Any CPU.Build.0 = Release|Any CPU
		{2B044566-2A0A-446A-8C0E-ECFBB558531E}.Debug|Any CPU.ActiveCfg = Debug|Any CPU
		{2B044566-2A0A-446A-8C0E-ECFBB558531E}.Debug|Any CPU.Build.0 = Debug|Any CPU
		{2B044566-2A0A-446A-8C0E-ECFBB558531E}.Release|Any CPU.ActiveCfg = Release|Any CPU
		{2B044566-2A0A-446A-8C0E-ECFBB558531E}.Release|Any CPU.Build.0 = Release|Any CPU
	EndGlobalSection
	GlobalSection(SolutionProperties) = preSolution
		HideSolutionNode = FALSE
	EndGlobalSection
	GlobalSection(ExtensibilityGlobals) = postSolution
		SolutionGuid = {7748FCE4-F9BE-4F06-B1C2-A2E8C1297726}
	EndGlobalSection
EndGlobal
